// !$*UTF8*$!
{
	archiveVersion = 1;
	classes = {
	};
	objectVersion = 46;
	objects = {

/* Begin PBXBuildFile section */
		A30E7B3C1A38FB3C009AEB28 /* main.m in Sources */ = {isa = PBXBuildFile; fileRef = A30E7B3B1A38FB3C009AEB28 /* main.m */; };
		A30E7B3F1A38FB3C009AEB28 /* AppDelegate.m in Sources */ = {isa = PBXBuildFile; fileRef = A30E7B3E1A38FB3C009AEB28 /* AppDelegate.m */; };
		A30E7B421A38FB3C009AEB28 /* ViewController.m in Sources */ = {isa = PBXBuildFile; fileRef = A30E7B411A38FB3C009AEB28 /* ViewController.m */; };
		A30E7B451A38FB3C009AEB28 /* Main.storyboard in Resources */ = {isa = PBXBuildFile; fileRef = A30E7B431A38FB3C009AEB28 /* Main.storyboard */; };
		A30E7B471A38FB3C009AEB28 /* Images.xcassets in Resources */ = {isa = PBXBuildFile; fileRef = A30E7B461A38FB3C009AEB28 /* Images.xcassets */; };
		A30E7B4A1A38FB3C009AEB28 /* LaunchScreen.xib in Resources */ = {isa = PBXBuildFile; fileRef = A30E7B481A38FB3C009AEB28 /* LaunchScreen.xib */; };
		A30E7B561A38FB3C009AEB28 /* View_Objects_In_CodeTests.m in Sources */ = {isa = PBXBuildFile; fileRef = A30E7B551A38FB3C009AEB28 /* View_Objects_In_CodeTests.m */; };
/* End PBXBuildFile section */

/* Begin PBXContainerItemProxy section */
		A30E7B501A38FB3C009AEB28 /* PBXContainerItemProxy */ = {
			isa = PBXContainerItemProxy;
			containerPortal = A30E7B2E1A38FB3C009AEB28 /* Project object */;
			proxyType = 1;
			remoteGlobalIDString = A30E7B351A38FB3C009AEB28;
			remoteInfo = "View Objects In Code";
		};
/* End PBXContainerItemProxy section */

/* Begin PBXFileReference section */
		A30E7B361A38FB3C009AEB28 /* View Objects In Code.app */ = {isa = PBXFileReference; explicitFileType = wrapper.application; includeInIndex = 0; path = "View Objects In Code.app"; sourceTree = BUILT_PRODUCTS_DIR; };
		A30E7B3A1A38FB3C009AEB28 /* Info.plist */ = {isa = PBXFileReference; lastKnownFileType = text.plist.xml; path = Info.plist; sourceTree = "<group>"; };
		A30E7B3B1A38FB3C009AEB28 /* main.m */ = {isa = PBXFileReference; lastKnownFileType = sourcecode.c.objc; path = main.m; sourceTree = "<group>"; };
		A30E7B3D1A38FB3C009AEB28 /* AppDelegate.h */ = {isa = PBXFileReference; lastKnownFileType = sourcecode.c.h; path = AppDelegate.h; sourceTree = "<group>"; };
		A30E7B3E1A38FB3C009AEB28 /* AppDelegate.m */ = {isa = PBXFileReference; lastKnownFileType = sourcecode.c.objc; path = AppDelegate.m; sourceTree = "<group>"; };
		A30E7B401A38FB3C009AEB28 /* ViewController.h */ = {isa = PBXFileReference; lastKnownFileType = sourcecode.c.h; path = ViewController.h; sourceTree = "<group>"; };
		A30E7B411A38FB3C009AEB28 /* ViewController.m */ = {isa = PBXFileReference; lastKnownFileType = sourcecode.c.objc; path = ViewController.m; sourceTree = "<group>"; };
		A30E7B441A38FB3C009AEB28 /* Base */ = {isa = PBXFileReference; lastKnownFileType = file.storyboard; name = Base; path = Base.lproj/Main.storyboard; sourceTree = "<group>"; };
		A30E7B461A38FB3C009AEB28 /* Images.xcassets */ = {isa = PBXFileReference; lastKnownFileType = folder.assetcatalog; path = Images.xcassets; sourceTree = "<group>"; };
		A30E7B491A38FB3C009AEB28 /* Base */ = {isa = PBXFileReference; lastKnownFileType = file.xib; name = Base; path = Base.lproj/LaunchScreen.xib; sourceTree = "<group>"; };
		A30E7B4F1A38FB3C009AEB28 /* View Objects In CodeTests.xctest */ = {isa = PBXFileReference; explicitFileType = wrapper.cfbundle; includeInIndex = 0; path = "View Objects In CodeTests.xctest"; sourceTree = BUILT_PRODUCTS_DIR; };
		A30E7B541A38FB3C009AEB28 /* Info.plist */ = {isa = PBXFileReference; lastKnownFileType = text.plist.xml; path = Info.plist; sourceTree = "<group>"; };
		A30E7B551A38FB3C009AEB28 /* View_Objects_In_CodeTests.m */ = {isa = PBXFileReference; lastKnownFileType = sourcecode.c.objc; path = View_Objects_In_CodeTests.m; sourceTree = "<group>"; };
/* End PBXFileReference section */

/* Begin PBXFrameworksBuildPhase section */
		A30E7B331A38FB3C009AEB28 /* Frameworks */ = {
			isa = PBXFrameworksBuildPhase;
			buildActionMask = 2147483647;
			files = (
			);
			runOnlyForDeploymentPostprocessing = 0;
		};
		A30E7B4C1A38FB3C009AEB28 /* Frameworks */ = {
			isa = PBXFrameworksBuildPhase;
			buildActionMask = 2147483647;
			files = (
			);
			runOnlyForDeploymentPostprocessing = 0;
		};
/* End PBXFrameworksBuildPhase section */

/* Begin PBXGroup section */
		A30E7B2D1A38FB3C009AEB28 = {
			isa = PBXGroup;
			children = (
				A30E7B381A38FB3C009AEB28 /* View Objects In Code */,
				A30E7B521A38FB3C009AEB28 /* View Objects In CodeTests */,
				A30E7B371A38FB3C009AEB28 /* Products */,
			);
			sourceTree = "<group>";
		};
		A30E7B371A38FB3C009AEB28 /* Products */ = {
			isa = PBXGroup;
			children = (
				A30E7B361A38FB3C009AEB28 /* View Objects In Code.app */,
				A30E7B4F1A38FB3C009AEB28 /* View Objects In CodeTests.xctest */,
			);
			name = Products;
			sourceTree = "<group>";
		};
		A30E7B381A38FB3C009AEB28 /* View Objects In Code */ = {
			isa = PBXGroup;
			children = (
				A30E7B3D1A38FB3C009AEB28 /* AppDelegate.h */,
				A30E7B3E1A38FB3C009AEB28 /* AppDelegate.m */,
				A30E7B401A38FB3C009AEB28 /* ViewController.h */,
				A30E7B411A38FB3C009AEB28 /* ViewController.m */,
				A30E7B431A38FB3C009AEB28 /* Main.storyboard */,
				A30E7B461A38FB3C009AEB28 /* Images.xcassets */,
				A30E7B481A38FB3C009AEB28 /* LaunchScreen.xib */,
				A30E7B391A38FB3C009AEB28 /* Supporting Files */,
			);
			path = "View Objects In Code";
			sourceTree = "<group>";
		};
		A30E7B391A38FB3C009AEB28 /* Supporting Files */ = {
			isa = PBXGroup;
			children = (
				A30E7B3A1A38FB3C009AEB28 /* Info.plist */,
				A30E7B3B1A38FB3C009AEB28 /* main.m */,
			);
			name = "Supporting Files";
			sourceTree = "<group>";
		};
		A30E7B521A38FB3C009AEB28 /* View Objects In CodeTests */ = {
			isa = PBXGroup;
			children = (
				A30E7B551A38FB3C009AEB28 /* View_Objects_In_CodeTests.m */,
				A30E7B531A38FB3C009AEB28 /* Supporting Files */,
			);
			path = "View Objects In CodeTests";
			sourceTree = "<group>";
		};
		A30E7B531A38FB3C009AEB28 /* Supporting Files */ = {
			isa = PBXGroup;
			children = (
				A30E7B541A38FB3C009AEB28 /* Info.plist */,
			);
			name = "Supporting Files";
			sourceTree = "<group>";
		};
/* End PBXGroup section */

/* Begin PBXNativeTarget section */
		A30E7B351A38FB3C009AEB28 /* View Objects In Code */ = {
			isa = PBXNativeTarget;
			buildConfigurationList = A30E7B591A38FB3C009AEB28 /* Build configuration list for PBXNativeTarget "View Objects In Code" */;
			buildPhases = (
				A30E7B321A38FB3C009AEB28 /* Sources */,
				A30E7B331A38FB3C009AEB28 /* Frameworks */,
				A30E7B341A38FB3C009AEB28 /* Resources */,
			);
			buildRules = (
			);
			dependencies = (
			);
			name = "View Objects In Code";
			productName = "View Objects In Code";
			productReference = A30E7B361A38FB3C009AEB28 /* View Objects In Code.app */;
			productType = "com.apple.product-type.application";
		};
		A30E7B4E1A38FB3C009AEB28 /* View Objects In CodeTests */ = {
			isa = PBXNativeTarget;
			buildConfigurationList = A30E7B5C1A38FB3C009AEB28 /* Build configuration list for PBXNativeTarget "View Objects In CodeTests" */;
			buildPhases = (
				A30E7B4B1A38FB3C009AEB28 /* Sources */,
				A30E7B4C1A38FB3C009AEB28 /* Frameworks */,
				A30E7B4D1A38FB3C009AEB28 /* Resources */,
			);
			buildRules = (
			);
			dependencies = (
				A30E7B511A38FB3C009AEB28 /* PBXTargetDependency */,
			);
			name = "View Objects In CodeTests";
			productName = "View Objects In CodeTests";
			productReference = A30E7B4F1A38FB3C009AEB28 /* View Objects In CodeTests.xctest */;
			productType = "com.apple.product-type.bundle.unit-test";
		};
/* End PBXNativeTarget section */

/* Begin PBXProject section */
		A30E7B2E1A38FB3C009AEB28 /* Project object */ = {
			isa = PBXProject;
			attributes = {
				LastUpgradeCheck = 0600;
				ORGANIZATIONNAME = "Matthew Linaberry";
				TargetAttributes = {
					A30E7B351A38FB3C009AEB28 = {
						CreatedOnToolsVersion = 6.0.1;
					};
					A30E7B4E1A38FB3C009AEB28 = {
						CreatedOnToolsVersion = 6.0.1;
						TestTargetID = A30E7B351A38FB3C009AEB28;
					};
				};
			};
			buildConfigurationList = A30E7B311A38FB3C009AEB28 /* Build configuration list for PBXProject "View Objects In Code" */;
			compatibilityVersion = "Xcode 3.2";
			developmentRegion = English;
			hasScannedForEncodings = 0;
			knownRegions = (
				en,
				Base,
			);
			mainGroup = A30E7B2D1A38FB3C009AEB28;
			productRefGroup = A30E7B371A38FB3C009AEB28 /* Products */;
			projectDirPath = "";
			projectRoot = "";
			targets = (
				A30E7B351A38FB3C009AEB28 /* View Objects In Code */,
				A30E7B4E1A38FB3C009AEB28 /* View Objects In CodeTests */,
			);
		};
/* End PBXProject section */

/* Begin PBXResourcesBuildPhase section */
		A30E7B341A38FB3C009AEB28 /* Resources */ = {
			isa = PBXResourcesBuildPhase;
			buildActionMask = 2147483647;
			files = (
				A30E7B451A38FB3C009AEB28 /* Main.storyboard in Resources */,
				A30E7B4A1A38FB3C009AEB28 /* LaunchScreen.xib in Resources */,
				A30E7B471A38FB3C009AEB28 /* Images.xcassets in Resources */,
			);
			runOnlyForDeploymentPostprocessing = 0;
		};
		A30E7B4D1A38FB3C009AEB28 /* Resources */ = {
			isa = PBXResourcesBuildPhase;
			buildActionMask = 2147483647;
			files = (
			);
			runOnlyForDeploymentPostprocessing = 0;
		};
/* End PBXResourcesBuildPhase section */

/* Begin PBXSourcesBuildPhase section */
		A30E7B321A38FB3C009AEB28 /* Sources */ = {
			isa = PBXSourcesBuildPhase;
			buildActionMask = 2147483647;
			files = (
				A30E7B421A38FB3C009AEB28 /* ViewController.m in Sources */,
				A30E7B3F1A38FB3C009AEB28 /* AppDelegate.m in Sources */,
				A30E7B3C1A38FB3C009AEB28 /* main.m in Sources */,
			);
			runOnlyForDeploymentPostprocessing = 0;
		};
		A30E7B4B1A38FB3C009AEB28 /* Sources */ = {
			isa = PBXSourcesBuildPhase;
			buildActionMask = 2147483647;
			files = (
				A30E7B561A38FB3C009AEB28 /* View_Objects_In_CodeTests.m in Sources */,
			);
			runOnlyForDeploymentPostprocessing = 0;
		};
/* End PBXSourcesBuildPhase section */

/* Begin PBXTargetDependency section */
		A30E7B511A38FB3C009AEB28 /* PBXTargetDependency */ = {
			isa = PBXTargetDependency;
			target = A30E7B351A38FB3C009AEB28 /* View Objects In Code */;
			targetProxy = A30E7B501A38FB3C009AEB28 /* PBXContainerItemProxy */;
		};
/* End PBXTargetDependency section */

/* Begin PBXVariantGroup section */
		A30E7B431A38FB3C009AEB28 /* Main.storyboard */ = {
			isa = PBXVariantGroup;
			children = (
				A30E7B441A38FB3C009AEB28 /* Base */,
			);
			name = Main.storyboard;
			sourceTree = "<group>";
		};
		A30E7B481A38FB3C009AEB28 /* LaunchScreen.xib */ = {
			isa = PBXVariantGroup;
			children = (
				A30E7B491A38FB3C009AEB28 /* Base */,
			);
			name = LaunchScreen.xib;
			sourceTree = "<group>";
		};
/* End PBXVariantGroup section */

/* Begin XCBuildConfiguration section */
		A30E7B571A38FB3C009AEB28 /* Debug */ = {
			isa = XCBuildConfiguration;
			buildSettings = {
				ALWAYS_SEARCH_USER_PATHS = NO;
				CLANG_CXX_LANGUAGE_STANDARD = "gnu++0x";
				CLANG_CXX_LIBRARY = "libc++";
				CLANG_ENABLE_MODULES = YES;
				CLANG_ENABLE_OBJC_ARC = YES;
				CLANG_WARN_BOOL_CONVERSION = YES;
				CLANG_WARN_CONSTANT_CONVERSION = YES;
				CLANG_WARN_DIRECT_OBJC_ISA_USAGE = YES_ERROR;
				CLANG_WARN_EMPTY_BODY = YES;
				CLANG_WARN_ENUM_CONVERSION = YES;
				CLANG_WARN_INT_CONVERSION = YES;
				CLANG_WARN_OBJC_ROOT_CLASS = YES_ERROR;
				CLANG_WARN_UNREACHABLE_CODE = YES;
				CLANG_WARN__DUPLICATE_METHOD_MATCH = YES;
				"CODE_SIGN_IDENTITY[sdk=iphoneos*]" = "iPhone Developer";
				COPY_PHASE_STRIP = NO;
				ENABLE_STRICT_OBJC_MSGSEND = YES;
				GCC_C_LANGUAGE_STANDARD = gnu99;
				GCC_DYNAMIC_NO_PIC = NO;
				GCC_OPTIMIZATION_LEVEL = 0;
				GCC_PREPROCESSOR_DEFINITIONS = (
					"DEBUG=1",
					"$(inherited)",
				);
				GCC_SYMBOLS_PRIVATE_EXTERN = NO;
				GCC_WARN_64_TO_32_BIT_CONVERSION = YES;
				GCC_WARN_ABOUT_RETURN_TYPE = YES_ERROR;
				GCC_WARN_UNDECLARED_SELECTOR = YES;
				GCC_WARN_UNINITIALIZED_AUTOS = YES_AGGRESSIVE;
				GCC_WARN_UNUSED_FUNCTION = YES;
				GCC_WARN_UNUSED_VARIABLE = YES;
				IPHONEOS_DEPLOYMENT_TARGET = 8.0;
				MTL_ENABLE_DEBUG_INFO = YES;
				ONLY_ACTIVE_ARCH = YES;
				SDKROOT = iphoneos;
			};
			name = Debug;
		};
		A30E7B581A38FB3C009AEB28 /* Release */ = {
			isa = XCBuildConfiguration;
			buildSettings = {
				ALWAYS_SEARCH_USER_PATHS = NO;
				CLANG_CXX_LANGUAGE_STANDARD = "gnu++0x";
				CLANG_CXX_LIBRARY = "libc++";
				CLANG_ENABLE_MODULES = YES;
				CLANG_ENABLE_OBJC_ARC = YES;
				CLANG_WARN_BOOL_CONVERSION = YES;
				CLANG_WARN_CONSTANT_CONVERSION = YES;
				CLANG_WARN_DIRECT_OBJC_ISA_USAGE = YES_ERROR;
				CLANG_WARN_EMPTY_BODY = YES;
				CLANG_WARN_ENUM_CONVERSION = YES;
				CLANG_WARN_INT_CONVERSION = YES;
				CLANG_WARN_OBJC_ROOT_CLASS = YES_ERROR;
				CLANG_WARN_UNREACHABLE_CODE = YES;
				CLANG_WARN__DUPLICATE_METHOD_MATCH = YES;
				"CODE_SIGN_IDENTITY[sdk=iphoneos*]" = "iPhone Developer";
				COPY_PHASE_STRIP = YES;
				ENABLE_NS_ASSERTIONS = NO;
				ENABLE_STRICT_OBJC_MSGSEND = YES;
				GCC_C_LANGUAGE_STANDARD = gnu99;
				GCC_WARN_64_TO_32_BIT_CONVERSION = YES;
				GCC_WARN_ABOUT_RETURN_TYPE = YES_ERROR;
				GCC_WARN_UNDECLARED_SELECTOR = YES;
				GCC_WARN_UNINITIALIZED_AUTOS = YES_AGGRESSIVE;
				GCC_WARN_UNUSED_FUNCTION = YES;
				GCC_WARN_UNUSED_VARIABLE = YES;
				IPHONEOS_DEPLOYMENT_TARGET = 8.0;
				MTL_ENABLE_DEBUG_INFO = NO;
				SDKROOT = iphoneos;
				VALIDATE_PRODUCT = YES;
			};
			name = Release;
		};
		A30E7B5A1A38FB3C009AEB28 /* Debug */ = {
			isa = XCBuildConfiguration;
			buildSettings = {
				ASSETCATALOG_COMPILER_APPICON_NAME = AppIcon;
				INFOPLIST_FILE = "View Objects In Code/Info.plist";
				LD_RUNPATH_SEARCH_PATHS = "$(inherited) @executable_path/Frameworks";
				PRODUCT_NAME = "$(TARGET_NAME)";
			};
			name = Debug;
		};
		A30E7B5B1A38FB3C009AEB28 /* Release */ = {
			isa = XCBuildConfiguration;
			buildSettings = {
				ASSETCATALOG_COMPILER_APPICON_NAME = AppIcon;
				INFOPLIST_FILE = "View Objects In Code/Info.plist";
				LD_RUNPATH_SEARCH_PATHS = "$(inherited) @executable_path/Frameworks";
				PRODUCT_NAME = "$(TARGET_NAME)";
			};
			name = Release;
		};
		A30E7B5D1A38FB3C009AEB28 /* Debug */ = {
			isa = XCBuildConfiguration;
			buildSettings = {
				BUNDLE_LOADER = "$(TEST_HOST)";
				FRAMEWORK_SEARCH_PATHS = (
					"$(SDKROOT)/Developer/Library/Frameworks",
					"$(inherited)",
				);
				GCC_PREPROCESSOR_DEFINITIONS = (
					"DEBUG=1",
					"$(inherited)",
				);
				INFOPLIST_FILE = "View Objects In CodeTests/Info.plist";
				LD_RUNPATH_SEARCH_PATHS = "$(inherited) @executable_path/Frameworks @loader_path/Frameworks";
				PRODUCT_NAME = "$(TARGET_NAME)";
				TEST_HOST = "$(BUILT_PRODUCTS_DIR)/View Objects In Code.app/View Objects In Code";
			};
			name = Debug;
		};
		A30E7B5E1A38FB3C009AEB28 /* Release */ = {
			isa = XCBuildConfiguration;
			buildSettings = {
				BUNDLE_LOADER = "$(TEST_HOST)";
				FRAMEWORK_SEARCH_PATHS = (
					"$(SDKROOT)/Developer/Library/Frameworks",
					"$(inherited)",
				);
				INFOPLIST_FILE = "View Objects In CodeTests/Info.plist";
				LD_RUNPATH_SEARCH_PATHS = "$(inherited) @executable_path/Frameworks @loader_path/Frameworks";
				PRODUCT_NAME = "$(TARGET_NAME)";
				TEST_HOST = "$(BUILT_PRODUCTS_DIR)/View Objects In Code.app/View Objects In Code";
			};
			name = Release;
		};
/* End XCBuildConfiguration section */

/* Begin XCConfigurationList section */
		A30E7B311A38FB3C009AEB28 /* Build configuration list for PBXProject "View Objects In Code" */ = {
			isa = XCConfigurationList;
			buildConfigurations = (
				A30E7B571A38FB3C009AEB28 /* Debug */,
				A30E7B581A38FB3C009AEB28 /* Release */,
			);
			defaultConfigurationIsVisible = 0;
			defaultConfigurationName = Release;
		};
		A30E7B591A38FB3C009AEB28 /* Build configuration list for PBXNativeTarget "View Objects In Code" */ = {
			isa = XCConfigurationList;
			buildConfigurations = (
				A30E7B5A1A38FB3C009AEB28 /* Debug */,
				A30E7B5B1A38FB3C009AEB28 /* Release */,
			);
			defaultConfigurationIsVisible = 0;
		};
		A30E7B5C1A38FB3C009AEB28 /* Build configuration list for PBXNativeTarget "View Objects In CodeTests" */ = {
			isa = XCConfigurationList;
			buildConfigurations = (
				A30E7B5D1A38FB3C009AEB28 /* Debug */,
				A30E7B5E1A38FB3C009AEB28 /* Release */,
			);
			defaultConfigurationIsVisible = 0;
		};
/* End XCConfigurationList section */
	};
	rootObject = A30E7B2E1A38FB3C009AEB28 /* Project object */;
}
